
Microsoft Visual Studio Solution File, Format Version 12.00
# Visual Studio 15
VisualStudioVersion = 15.0.28307.1340
MinimumVisualStudioVersion = 10.0.40219.1
Project("{FAE04EC0-301F-11D3-BF4B-00C04F79EFBC}") = "Salarios_formacao", "Salarios_formacao\Salarios_formacao.csproj", "{CAC1C808-1B6E-49B7-A1DE-A14A92FABB89}"
EndProject
Global
	GlobalSection(SolutionConfigurationPlatforms) = preSolution
		Debug|Any CPU = Debug|Any CPU
		Release|Any CPU = Release|Any CPU
	EndGlobalSection
	GlobalSection(ProjectConfigurationPlatforms) = postSolution
		{CAC1C808-1B6E-49B7-A1DE-A14A92FABB89}.Debug|Any CPU.ActiveCfg = Debug|Any CPU
		{CAC1C808-1B6E-49B7-A1DE-A14A92FABB89}.Debug|Any CPU.Build.0 = Debug|Any CPU
		{CAC1C808-1B6E-49B7-A1DE-A14A92FABB89}.Release|Any CPU.ActiveCfg = Release|Any CPU
		{CAC1C808-1B6E-49B7-A1DE-A14A92FABB89}.Release|Any CPU.Build.0 = Release|Any CPU
	EndGlobalSection
	GlobalSection(SolutionProperties) = preSolution
		HideSolutionNode = FALSE
	EndGlobalSection
	GlobalSection(ExtensibilityGlobals) = postSolution
		SolutionGuid = {74B3B1B1-1EF7-4112-B1C8-D6A29AEBF654}
	EndGlobalSection
EndGlobal
