
Microsoft Visual Studio Solution File, Format Version 12.00
# Visual Studio 15
Project("{FAE04EC0-301F-11D3-BF4B-00C04F79EFBC}") = "Assembly-CSharp-firstpass", "Assembly-CSharp-firstpass.csproj", "{AB238A33-A1D7-6E3B-C798-61FBD1151C43}"
EndProject
Project("{FAE04EC0-301F-11D3-BF4B-00C04F79EFBC}") = "Assembly-CSharp", "Assembly-CSharp.csproj", "{9135F499-7C0B-8ECE-49AC-C8E1355C5698}"
EndProject
Project("{FAE04EC0-301F-11D3-BF4B-00C04F79EFBC}") = "Assembly-CSharp-Editor-firstpass", "Assembly-CSharp-Editor-firstpass.csproj", "{96A33AB7-B1A7-4136-AEAB-94C62D158716}"
EndProject
Global
	GlobalSection(SolutionConfigurationPlatforms) = preSolution
		Debug|Any CPU = Debug|Any CPU
		Release|Any CPU = Release|Any CPU
	EndGlobalSection
	GlobalSection(ProjectConfigurationPlatforms) = postSolution
		{AB238A33-A1D7-6E3B-C798-61FBD1151C43}.Debug|Any CPU.ActiveCfg = Debug|Any CPU
		{AB238A33-A1D7-6E3B-C798-61FBD1151C43}.Debug|Any CPU.Build.0 = Debug|Any CPU
		{AB238A33-A1D7-6E3B-C798-61FBD1151C43}.Release|Any CPU.ActiveCfg = Release|Any CPU
		{AB238A33-A1D7-6E3B-C798-61FBD1151C43}.Release|Any CPU.Build.0 = Release|Any CPU
		{9135F499-7C0B-8ECE-49AC-C8E1355C5698}.Debug|Any CPU.ActiveCfg = Debug|Any CPU
		{9135F499-7C0B-8ECE-49AC-C8E1355C5698}.Debug|Any CPU.Build.0 = Debug|Any CPU
		{9135F499-7C0B-8ECE-49AC-C8E1355C5698}.Release|Any CPU.ActiveCfg = Release|Any CPU
		{9135F499-7C0B-8ECE-49AC-C8E1355C5698}.Release|Any CPU.Build.0 = Release|Any CPU
		{96A33AB7-B1A7-4136-AEAB-94C62D158716}.Debug|Any CPU.ActiveCfg = Debug|Any CPU
		{96A33AB7-B1A7-4136-AEAB-94C62D158716}.Debug|Any CPU.Build.0 = Debug|Any CPU
		{96A33AB7-B1A7-4136-AEAB-94C62D158716}.Release|Any CPU.ActiveCfg = Release|Any CPU
		{96A33AB7-B1A7-4136-AEAB-94C62D158716}.Release|Any CPU.Build.0 = Release|Any CPU
	EndGlobalSection
	GlobalSection(SolutionProperties) = preSolution
		HideSolutionNode = FALSE
	EndGlobalSection
EndGlobal
